
Microsoft Visual Studio Solution File, Format Version 12.00
# Visual Studio Version 16
VisualStudioVersion = 16.0.32428.217
MinimumVisualStudioVersion = 10.0.40219.1
Project("{FAE04EC0-301F-11D3-BF4B-00C04F79EFBC}") = "CleanUsersCardsData", "CleanUsersCardsData.csproj", "{0835F07B-5461-43EA-A151-3B226918D3B1}"
EndProject
Global
	GlobalSection(SolutionConfigurationPlatforms) = preSolution
		Debug|Any CPU = Debug|Any CPU
		Release|Any CPU = Release|Any CPU
	EndGlobalSection
	GlobalSection(ProjectConfigurationPlatforms) = postSolution
		{0835F07B-5461-43EA-A151-3B226918D3B1}.Debug|Any CPU.ActiveCfg = Debug|Any CPU
		{0835F07B-5461-43EA-A151-3B226918D3B1}.Debug|Any CPU.Build.0 = Debug|Any CPU
		{0835F07B-5461-43EA-A151-3B226918D3B1}.Release|Any CPU.ActiveCfg = Release|Any CPU
		{0835F07B-5461-43EA-A151-3B226918D3B1}.Release|Any CPU.Build.0 = Release|Any CPU
	EndGlobalSection
	GlobalSection(SolutionProperties) = preSolution
		HideSolutionNode = FALSE
	EndGlobalSection
	GlobalSection(ExtensibilityGlobals) = postSolution
		SolutionGuid = {99C8C941-6C37-4E61-977D-FECF9568EEB7}
	EndGlobalSection
EndGlobal
